
Microsoft Visual Studio Solution File, Format Version 12.00
# Visual Studio 14
VisualStudioVersion = 14.0.25420.1
MinimumVisualStudioVersion = 10.0.40219.1
Project("{FAE04EC0-301F-11D3-BF4B-00C04F79EFBC}") = "MVC18May2020Batch", "MVC18May2020Batch\MVC18May2020Batch.csproj", "{5EA90675-8934-4A31-9A88-9D26846BF262}"
EndProject
Project("{FAE04EC0-301F-11D3-BF4B-00C04F79EFBC}") = "MyFirstApp", "MyFirstApp\MyFirstApp.csproj", "{27CC5919-E63E-4F1D-B728-6EEEA7914154}"
EndProject
Global
	GlobalSection(SolutionConfigurationPlatforms) = preSolution
		Debug|Any CPU = Debug|Any CPU
		Release|Any CPU = Release|Any CPU
	EndGlobalSection
	GlobalSection(ProjectConfigurationPlatforms) = postSolution
		{5EA90675-8934-4A31-9A88-9D26846BF262}.Debug|Any CPU.ActiveCfg = Debug|Any CPU
		{5EA90675-8934-4A31-9A88-9D26846BF262}.Debug|Any CPU.Build.0 = Debug|Any CPU
		{5EA90675-8934-4A31-9A88-9D26846BF262}.Release|Any CPU.ActiveCfg = Release|Any CPU
		{5EA90675-8934-4A31-9A88-9D26846BF262}.Release|Any CPU.Build.0 = Release|Any CPU
		{27CC5919-E63E-4F1D-B728-6EEEA7914154}.Debug|Any CPU.ActiveCfg = Debug|Any CPU
		{27CC5919-E63E-4F1D-B728-6EEEA7914154}.Debug|Any CPU.Build.0 = Debug|Any CPU
		{27CC5919-E63E-4F1D-B728-6EEEA7914154}.Release|Any CPU.ActiveCfg = Release|Any CPU
		{27CC5919-E63E-4F1D-B728-6EEEA7914154}.Release|Any CPU.Build.0 = Release|Any CPU
	EndGlobalSection
	GlobalSection(SolutionProperties) = preSolution
		HideSolutionNode = FALSE
	EndGlobalSection
EndGlobal
