
Microsoft Visual Studio Solution File, Format Version 12.00
# Visual Studio 14
VisualStudioVersion = 14.0.25420.1
MinimumVisualStudioVersion = 10.0.40219.1
Project("{FAE04EC0-301F-11D3-BF4B-00C04F79EFBC}") = "WebApplication1", "WebApplication1\WebApplication1.csproj", "{CC712CB3-20C6-498D-B5F2-7265BAC8D489}"
EndProject
Project("{FAE04EC0-301F-11D3-BF4B-00C04F79EFBC}") = "WebApplication2", "WebApplication2\WebApplication2.csproj", "{D456B91E-4FF6-49E1-8A65-23315F77358F}"
EndProject
Global
	GlobalSection(SolutionConfigurationPlatforms) = preSolution
		Debug|Any CPU = Debug|Any CPU
		Release|Any CPU = Release|Any CPU
	EndGlobalSection
	GlobalSection(ProjectConfigurationPlatforms) = postSolution
		{CC712CB3-20C6-498D-B5F2-7265BAC8D489}.Debug|Any CPU.ActiveCfg = Debug|Any CPU
		{CC712CB3-20C6-498D-B5F2-7265BAC8D489}.Debug|Any CPU.Build.0 = Debug|Any CPU
		{CC712CB3-20C6-498D-B5F2-7265BAC8D489}.Release|Any CPU.ActiveCfg = Release|Any CPU
		{CC712CB3-20C6-498D-B5F2-7265BAC8D489}.Release|Any CPU.Build.0 = Release|Any CPU
		{D456B91E-4FF6-49E1-8A65-23315F77358F}.Debug|Any CPU.ActiveCfg = Debug|Any CPU
		{D456B91E-4FF6-49E1-8A65-23315F77358F}.Debug|Any CPU.Build.0 = Debug|Any CPU
		{D456B91E-4FF6-49E1-8A65-23315F77358F}.Release|Any CPU.ActiveCfg = Release|Any CPU
		{D456B91E-4FF6-49E1-8A65-23315F77358F}.Release|Any CPU.Build.0 = Release|Any CPU
	EndGlobalSection
	GlobalSection(SolutionProperties) = preSolution
		HideSolutionNode = FALSE
	EndGlobalSection
EndGlobal
